// !$*UTF8*$!
{
	archiveVersion = 1;
	classes = {
	};
	objectVersion = 56;
	objects = {

/* Begin PBXBuildFile section */
		513BEC0A2CA54ACC000E0DE9 /* IntroVC.swift in Sources */ = {isa = PBXBuildFile; fileRef = 513BEC092CA54ACC000E0DE9 /* IntroVC.swift */; };
		513BEC0E2CA5BA0A000E0DE9 /* FilesVC.swift in Sources */ = {isa = PBXBuildFile; fileRef = 513BEC0D2CA5BA0A000E0DE9 /* FilesVC.swift */; };
		513BEC102CA6820A000E0DE9 /* UserSession.swift in Sources */ = {isa = PBXBuildFile; fileRef = 513BEC0F2CA6820A000E0DE9 /* UserSession.swift */; };
		513BEC122CA8507C000E0DE9 /* ChatListCell.swift in Sources */ = {isa = PBXBuildFile; fileRef = 513BEC112CA8507C000E0DE9 /* ChatListCell.swift */; };
		513BEC142CA88C5D000E0DE9 /* FileVC.swift in Sources */ = {isa = PBXBuildFile; fileRef = 513BEC132CA88C5D000E0DE9 /* FileVC.swift */; };
		513BEC192CA8905A000E0DE9 /* LessonChartView.swift in Sources */ = {isa = PBXBuildFile; fileRef = 513BEC182CA89059000E0DE9 /* LessonChartView.swift */; };
		513BEC202CA90361000E0DE9 /* BarChartView.swift in Sources */ = {isa = PBXBuildFile; fileRef = 513BEC1F2CA90361000E0DE9 /* BarChartView.swift */; };
		513BEC242CAAC7B7000E0DE9 /* FilesCell.swift in Sources */ = {isa = PBXBuildFile; fileRef = 513BEC232CAAC7B7000E0DE9 /* FilesCell.swift */; };
		517E9DCC2CACC3A8002A2513 /* FirebaseAnalytics in Frameworks */ = {isa = PBXBuildFile; productRef = 517E9DCB2CACC3A8002A2513 /* FirebaseAnalytics */; };
		517E9DCE2CACC3A8002A2513 /* FirebaseAuth in Frameworks */ = {isa = PBXBuildFile; productRef = 517E9DCD2CACC3A8002A2513 /* FirebaseAuth */; };
		517E9DD02CACC3A8002A2513 /* FirebaseFirestore in Frameworks */ = {isa = PBXBuildFile; productRef = 517E9DCF2CACC3A8002A2513 /* FirebaseFirestore */; };
		517E9DD22CACC3A8002A2513 /* FirebaseStorage in Frameworks */ = {isa = PBXBuildFile; productRef = 517E9DD12CACC3A8002A2513 /* FirebaseStorage */; };
		517E9DD52CACC3B1002A2513 /* IQKeyboardManagerSwift in Frameworks */ = {isa = PBXBuildFile; productRef = 517E9DD42CACC3B1002A2513 /* IQKeyboardManagerSwift */; };
		517E9DD82CACC3BA002A2513 /* Kingfisher in Frameworks */ = {isa = PBXBuildFile; productRef = 517E9DD72CACC3BA002A2513 /* Kingfisher */; };
		517E9DDB2CACC3C5002A2513 /* SwiftUIIntrospect in Frameworks */ = {isa = PBXBuildFile; productRef = 517E9DDA2CACC3C5002A2513 /* SwiftUIIntrospect */; };
		51993B0F2CA512E30022C79F /* AuthenticationView.swift in Sources */ = {isa = PBXBuildFile; fileRef = 51993B0E2CA512E30022C79F /* AuthenticationView.swift */; };
		51993B112CA52A550022C79F /* ChooseRoleVC.swift in Sources */ = {isa = PBXBuildFile; fileRef = 51993B102CA52A550022C79F /* ChooseRoleVC.swift */; };
		519C8ECC2C93A0EC007DFCBA /* AvailableTimeSlotsCell.swift in Sources */ = {isa = PBXBuildFile; fileRef = 519C8ECB2C93A0EC007DFCBA /* AvailableTimeSlotsCell.swift */; };
		519C8ECE2C93E804007DFCBA /* AvailableTimeSlotsVC.swift in Sources */ = {isa = PBXBuildFile; fileRef = 519C8ECD2C93E804007DFCBA /* AvailableTimeSlotsVC.swift */; };
		519C8ED02C93E883007DFCBA /* ColorTimePickerVC.swift in Sources */ = {isa = PBXBuildFile; fileRef = 519C8ECF2C93E883007DFCBA /* ColorTimePickerVC.swift */; };
		519C8ED62C940B21007DFCBA /* UIImageView+LoadImage.swift in Sources */ = {isa = PBXBuildFile; fileRef = 519C8ED52C940B21007DFCBA /* UIImageView+LoadImage.swift */; };
		519C8EE02C954D0C007DFCBA /* UIColor+HexConvert.swift in Sources */ = {isa = PBXBuildFile; fileRef = 519C8EDF2C954D0C007DFCBA /* UIColor+HexConvert.swift */; };
		519C8EE42C954D82007DFCBA /* AvailableTimeSlot.swift in Sources */ = {isa = PBXBuildFile; fileRef = 519C8EE32C954D82007DFCBA /* AvailableTimeSlot.swift */; };
		519C8EE72C954E73007DFCBA /* UserFirebaseService.swift in Sources */ = {isa = PBXBuildFile; fileRef = 519C8EE62C954E73007DFCBA /* UserFirebaseService.swift */; };
		519C8EE92C954FE0007DFCBA /* AvailableTimeSlotsViewModel.swift in Sources */ = {isa = PBXBuildFile; fileRef = 519C8EE82C954FE0007DFCBA /* AvailableTimeSlotsViewModel.swift */; };
		519C8EEB2C95A278007DFCBA /* Color+HexConvert.swift in Sources */ = {isa = PBXBuildFile; fileRef = 519C8EEA2C95A278007DFCBA /* Color+HexConvert.swift */; };
		519C8EED2C95A84C007DFCBA /* CalendarVC.swift in Sources */ = {isa = PBXBuildFile; fileRef = 519C8EEC2C95A84C007DFCBA /* CalendarVC.swift */; };
		519C8EEF2C95C31B007DFCBA /* TabBarController.swift in Sources */ = {isa = PBXBuildFile; fileRef = 519C8EEE2C95C31B007DFCBA /* TabBarController.swift */; };
		519C8EF22C95C38B007DFCBA /* ProfileVC.swift in Sources */ = {isa = PBXBuildFile; fileRef = 519C8EF12C95C38B007DFCBA /* ProfileVC.swift */; };
		519C8EF72C95C6D6007DFCBA /* AllTeacherViewModel.swift in Sources */ = {isa = PBXBuildFile; fileRef = 519C8EF62C95C6D6007DFCBA /* AllTeacherViewModel.swift */; };
		519C8EF92C95C701007DFCBA /* TeacherCell.swift in Sources */ = {isa = PBXBuildFile; fileRef = 519C8EF82C95C701007DFCBA /* TeacherCell.swift */; };
		519C8EFB2C95CC9A007DFCBA /* Teacher.swift in Sources */ = {isa = PBXBuildFile; fileRef = 519C8EFA2C95CC9A007DFCBA /* Teacher.swift */; };
		519C8EFD2C95CD45007DFCBA /* TeacherDetailVC.swift in Sources */ = {isa = PBXBuildFile; fileRef = 519C8EFC2C95CD45007DFCBA /* TeacherDetailVC.swift */; };
		519C8F012C95FD2D007DFCBA /* BookingView.swift in Sources */ = {isa = PBXBuildFile; fileRef = 519C8F002C95FD2D007DFCBA /* BookingView.swift */; };
		519C8F032C969D3B007DFCBA /* BookingVC.swift in Sources */ = {isa = PBXBuildFile; fileRef = 519C8F022C969D3B007DFCBA /* BookingVC.swift */; };
		519C8F062C96E807007DFCBA /* Appointment.swift in Sources */ = {isa = PBXBuildFile; fileRef = 519C8F052C96E807007DFCBA /* Appointment.swift */; };
		519C8F092C97FE18007DFCBA /* ConfirmVC.swift in Sources */ = {isa = PBXBuildFile; fileRef = 519C8F082C97FE18007DFCBA /* ConfirmVC.swift */; };
		519C8F0B2C980570007DFCBA /* ConfirmCell.swift in Sources */ = {isa = PBXBuildFile; fileRef = 519C8F0A2C980570007DFCBA /* ConfirmCell.swift */; };
		519C8F122C98859D007DFCBA /* FullScreenImageVC.swift in Sources */ = {isa = PBXBuildFile; fileRef = 519C8F112C98859D007DFCBA /* FullScreenImageVC.swift */; };
		519C8F142C996295007DFCBA /* ChatListVC.swift in Sources */ = {isa = PBXBuildFile; fileRef = 519C8F132C996295007DFCBA /* ChatListVC.swift */; };
		519C8F162C9964FE007DFCBA /* ChatRoom.swift in Sources */ = {isa = PBXBuildFile; fileRef = 519C8F152C9964FE007DFCBA /* ChatRoom.swift */; };
		519C8F182C997FC3007DFCBA /* ConfirmViewModel.swift in Sources */ = {isa = PBXBuildFile; fileRef = 519C8F172C997FC3007DFCBA /* ConfirmViewModel.swift */; };
		519C8F1A2C998401007DFCBA /* Date+Ext.swift in Sources */ = {isa = PBXBuildFile; fileRef = 519C8F192C998401007DFCBA /* Date+Ext.swift */; };
		519E14962CA16CF100E344CE /* Student.swift in Sources */ = {isa = PBXBuildFile; fileRef = 519E14952CA16CF100E344CE /* Student.swift */; };
		519E14982CA1884200E344CE /* AllStudentVC.swift in Sources */ = {isa = PBXBuildFile; fileRef = 519E14972CA1884200E344CE /* AllStudentVC.swift */; };
		51B619DD2CA06C1A00EAC4B8 /* BaseCollectionVC.swift in Sources */ = {isa = PBXBuildFile; fileRef = 51B619DC2CA06C1A00EAC4B8 /* BaseCollectionVC.swift */; };
		51B619DF2CA06C6D00EAC4B8 /* AllTeacherVC.swift in Sources */ = {isa = PBXBuildFile; fileRef = 51B619DE2CA06C6D00EAC4B8 /* AllTeacherVC.swift */; };
		51B619E12CA06CC700EAC4B8 /* StudentHomeVC.swift in Sources */ = {isa = PBXBuildFile; fileRef = 51B619E02CA06CC700EAC4B8 /* StudentHomeVC.swift */; };
		51B619E32CA0F68400EAC4B8 /* FrequentlyUsedViewModel.swift in Sources */ = {isa = PBXBuildFile; fileRef = 51B619E22CA0F68400EAC4B8 /* FrequentlyUsedViewModel.swift */; };
		51B619E52CA0FA3400EAC4B8 /* UIViewController+Ext.swift in Sources */ = {isa = PBXBuildFile; fileRef = 51B619E42CA0FA3400EAC4B8 /* UIViewController+Ext.swift */; };
		51D25C7C2C9A81D80083EECF /* ResumeVC.swift in Sources */ = {isa = PBXBuildFile; fileRef = 51D25C7B2C9A81D80083EECF /* ResumeVC.swift */; };
		51D25C7F2C9AC1A00083EECF /* TodayCoursesVC.swift in Sources */ = {isa = PBXBuildFile; fileRef = 51D25C7E2C9AC1A00083EECF /* TodayCoursesVC.swift */; };
		51D25C812C9AC1E10083EECF /* TodayCoursesCell.swift in Sources */ = {isa = PBXBuildFile; fileRef = 51D25C802C9AC1E10083EECF /* TodayCoursesCell.swift */; };
		51D25C832C9AC2170083EECF /* ProgressBarView.swift in Sources */ = {isa = PBXBuildFile; fileRef = 51D25C822C9AC2170083EECF /* ProgressBarView.swift */; };
		51D25C852C9AC5F10083EECF /* TodayCoursesViewModel.swift in Sources */ = {isa = PBXBuildFile; fileRef = 51D25C842C9AC5F10083EECF /* TodayCoursesViewModel.swift */; };
		51D25C872C9ACA560083EECF /* AppointmentFirebaseService.swift in Sources */ = {isa = PBXBuildFile; fileRef = 51D25C862C9ACA560083EECF /* AppointmentFirebaseService.swift */; };
		51D25C8A2C9B32570083EECF /* BaseCalendarView.swift in Sources */ = {isa = PBXBuildFile; fileRef = 51D25C892C9B32570083EECF /* BaseCalendarView.swift */; };
		51D25C8E2C9BC3030083EECF /* ColorPickerCalendarView.swift in Sources */ = {isa = PBXBuildFile; fileRef = 51D25C8D2C9BC3030083EECF /* ColorPickerCalendarView.swift */; };
		51D25C942C9D4C2D0083EECF /* TimeService.swift in Sources */ = {isa = PBXBuildFile; fileRef = 51D25C932C9D4C2D0083EECF /* TimeService.swift */; };
		51D25C982C9E40790083EECF /* BaseCalendarViewModel.swift in Sources */ = {isa = PBXBuildFile; fileRef = 51D25C972C9E40790083EECF /* BaseCalendarViewModel.swift */; };
		51D25C9A2C9E4F380083EECF /* DetailView.swift in Sources */ = {isa = PBXBuildFile; fileRef = 51D25C992C9E4F370083EECF /* DetailView.swift */; };
		51D25C9E2C9E60C00083EECF /* FollowViewModel.swift in Sources */ = {isa = PBXBuildFile; fileRef = 51D25C9D2C9E60C00083EECF /* FollowViewModel.swift */; };
		51D25CA02C9E90B30083EECF /* FollowVC.swift in Sources */ = {isa = PBXBuildFile; fileRef = 51D25C9F2C9E90B30083EECF /* FollowVC.swift */; };
		51D25CBD2C9F284D0083EECF /* CourseWidgetView.swift in Sources */ = {isa = PBXBuildFile; fileRef = 51D25CBC2C9F284D0083EECF /* CourseWidgetView.swift */; };
		51D25CC12C9F33BA0083EECF /* Calendar+Ext.swift in Sources */ = {isa = PBXBuildFile; fileRef = 51D25CC02C9F33BA0083EECF /* Calendar+Ext.swift */; };
		51D25CC32C9F3BA10083EECF /* NavigationController.swift in Sources */ = {isa = PBXBuildFile; fileRef = 51D25CC22C9F3BA10083EECF /* NavigationController.swift */; };
		51D25CC92CA060100083EECF /* FrequentlyUsedVC.swift in Sources */ = {isa = PBXBuildFile; fileRef = 51D25CC82CA060100083EECF /* FrequentlyUsedVC.swift */; };
		51ED0AD72C916721006322B7 /* AppDelegate.swift in Sources */ = {isa = PBXBuildFile; fileRef = 51ED0AD62C916721006322B7 /* AppDelegate.swift */; };
		51ED0AD92C916721006322B7 /* SceneDelegate.swift in Sources */ = {isa = PBXBuildFile; fileRef = 51ED0AD82C916721006322B7 /* SceneDelegate.swift */; };
		51ED0ADB2C916721006322B7 /* ViewController.swift in Sources */ = {isa = PBXBuildFile; fileRef = 51ED0ADA2C916721006322B7 /* ViewController.swift */; };
		51ED0ADE2C916721006322B7 /* Base in Resources */ = {isa = PBXBuildFile; fileRef = 51ED0ADD2C916721006322B7 /* Base */; };
		51ED0AE02C916722006322B7 /* Assets.xcassets in Resources */ = {isa = PBXBuildFile; fileRef = 51ED0ADF2C916722006322B7 /* Assets.xcassets */; };
		51ED0AE32C916722006322B7 /* Base in Resources */ = {isa = PBXBuildFile; fileRef = 51ED0AE22C916722006322B7 /* Base */; };
		51ED0AEE2C916722006322B7 /* EdUnionTests.swift in Sources */ = {isa = PBXBuildFile; fileRef = 51ED0AED2C916722006322B7 /* EdUnionTests.swift */; };
		51ED0AF82C916722006322B7 /* EdUnionUITests.swift in Sources */ = {isa = PBXBuildFile; fileRef = 51ED0AF72C916722006322B7 /* EdUnionUITests.swift */; };
		51ED0AFA2C916722006322B7 /* EdUnionUITestsLaunchTests.swift in Sources */ = {isa = PBXBuildFile; fileRef = 51ED0AF92C916722006322B7 /* EdUnionUITestsLaunchTests.swift */; };
		51ED0B072C917A0F006322B7 /* Message.swift in Sources */ = {isa = PBXBuildFile; fileRef = 51ED0B062C917A0F006322B7 /* Message.swift */; };
		51ED0B092C917A8F006322B7 /* ChatViewModel.swift in Sources */ = {isa = PBXBuildFile; fileRef = 51ED0B082C917A8F006322B7 /* ChatViewModel.swift */; };
		51ED0B0B2C917BE3006322B7 /* ChatVC.swift in Sources */ = {isa = PBXBuildFile; fileRef = 51ED0B0A2C917BE3006322B7 /* ChatVC.swift */; };
		51ED0B142C91803A006322B7 /* ChatTableViewCell.swift in Sources */ = {isa = PBXBuildFile; fileRef = 51ED0B132C91803A006322B7 /* ChatTableViewCell.swift */; };
		51ED0B162C918080006322B7 /* GoogleService-Info.plist in Resources */ = {isa = PBXBuildFile; fileRef = 51ED0B152C918080006322B7 /* GoogleService-Info.plist */; };
/* End PBXBuildFile section */

/* Begin PBXContainerItemProxy section */
		51ED0AEA2C916722006322B7 /* PBXContainerItemProxy */ = {
			isa = PBXContainerItemProxy;
			containerPortal = 51ED0ACB2C916721006322B7 /* Project object */;
			proxyType = 1;
			remoteGlobalIDString = 51ED0AD22C916721006322B7;
			remoteInfo = EdUnion;
		};
		51ED0AF42C916722006322B7 /* PBXContainerItemProxy */ = {
			isa = PBXContainerItemProxy;
			containerPortal = 51ED0ACB2C916721006322B7 /* Project object */;
			proxyType = 1;
			remoteGlobalIDString = 51ED0AD22C916721006322B7;
			remoteInfo = EdUnion;
		};
/* End PBXContainerItemProxy section */

/* Begin PBXCopyFilesBuildPhase section */
		51D25CBB2C9F27320083EECF /* Embed Foundation Extensions */ = {
			isa = PBXCopyFilesBuildPhase;
			buildActionMask = 2147483647;
			dstPath = "";
			dstSubfolderSpec = 13;
			files = (
			);
			name = "Embed Foundation Extensions";
			runOnlyForDeploymentPostprocessing = 0;
		};
/* End PBXCopyFilesBuildPhase section */

/* Begin PBXFileReference section */
		513BEC092CA54ACC000E0DE9 /* IntroVC.swift */ = {isa = PBXFileReference; lastKnownFileType = sourcecode.swift; path = IntroVC.swift; sourceTree = "<group>"; };
		513BEC0D2CA5BA0A000E0DE9 /* FilesVC.swift */ = {isa = PBXFileReference; lastKnownFileType = sourcecode.swift; path = FilesVC.swift; sourceTree = "<group>"; };
		513BEC0F2CA6820A000E0DE9 /* UserSession.swift */ = {isa = PBXFileReference; lastKnownFileType = sourcecode.swift; path = UserSession.swift; sourceTree = "<group>"; };
		513BEC112CA8507C000E0DE9 /* ChatListCell.swift */ = {isa = PBXFileReference; lastKnownFileType = sourcecode.swift; path = ChatListCell.swift; sourceTree = "<group>"; };
		513BEC132CA88C5D000E0DE9 /* FileVC.swift */ = {isa = PBXFileReference; lastKnownFileType = sourcecode.swift; path = FileVC.swift; sourceTree = "<group>"; };
		513BEC182CA89059000E0DE9 /* LessonChartView.swift */ = {isa = PBXFileReference; lastKnownFileType = sourcecode.swift; path = LessonChartView.swift; sourceTree = "<group>"; };
		513BEC1F2CA90361000E0DE9 /* BarChartView.swift */ = {isa = PBXFileReference; lastKnownFileType = sourcecode.swift; path = BarChartView.swift; sourceTree = "<group>"; };
		513BEC232CAAC7B7000E0DE9 /* FilesCell.swift */ = {isa = PBXFileReference; lastKnownFileType = sourcecode.swift; path = FilesCell.swift; sourceTree = "<group>"; };
		51993B082CA509BA0022C79F /* EdUnion.entitlements */ = {isa = PBXFileReference; lastKnownFileType = text.plist.entitlements; path = EdUnion.entitlements; sourceTree = "<group>"; };
		51993B0E2CA512E30022C79F /* AuthenticationView.swift */ = {isa = PBXFileReference; lastKnownFileType = sourcecode.swift; path = AuthenticationView.swift; sourceTree = "<group>"; };
		51993B102CA52A550022C79F /* ChooseRoleVC.swift */ = {isa = PBXFileReference; lastKnownFileType = sourcecode.swift; path = ChooseRoleVC.swift; sourceTree = "<group>"; };
		519C8ECB2C93A0EC007DFCBA /* AvailableTimeSlotsCell.swift */ = {isa = PBXFileReference; lastKnownFileType = sourcecode.swift; path = AvailableTimeSlotsCell.swift; sourceTree = "<group>"; };
		519C8ECD2C93E804007DFCBA /* AvailableTimeSlotsVC.swift */ = {isa = PBXFileReference; lastKnownFileType = sourcecode.swift; path = AvailableTimeSlotsVC.swift; sourceTree = "<group>"; };
		519C8ECF2C93E883007DFCBA /* ColorTimePickerVC.swift */ = {isa = PBXFileReference; lastKnownFileType = sourcecode.swift; path = ColorTimePickerVC.swift; sourceTree = "<group>"; };
		519C8ED52C940B21007DFCBA /* UIImageView+LoadImage.swift */ = {isa = PBXFileReference; lastKnownFileType = sourcecode.swift; path = "UIImageView+LoadImage.swift"; sourceTree = "<group>"; };
		519C8EDF2C954D0C007DFCBA /* UIColor+HexConvert.swift */ = {isa = PBXFileReference; lastKnownFileType = sourcecode.swift; path = "UIColor+HexConvert.swift"; sourceTree = "<group>"; };
		519C8EE32C954D82007DFCBA /* AvailableTimeSlot.swift */ = {isa = PBXFileReference; lastKnownFileType = sourcecode.swift; path = AvailableTimeSlot.swift; sourceTree = "<group>"; };
		519C8EE62C954E73007DFCBA /* UserFirebaseService.swift */ = {isa = PBXFileReference; lastKnownFileType = sourcecode.swift; path = UserFirebaseService.swift; sourceTree = "<group>"; };
		519C8EE82C954FE0007DFCBA /* AvailableTimeSlotsViewModel.swift */ = {isa = PBXFileReference; lastKnownFileType = sourcecode.swift; path = AvailableTimeSlotsViewModel.swift; sourceTree = "<group>"; };
		519C8EEA2C95A278007DFCBA /* Color+HexConvert.swift */ = {isa = PBXFileReference; lastKnownFileType = sourcecode.swift; path = "Color+HexConvert.swift"; sourceTree = "<group>"; };
		519C8EEC2C95A84C007DFCBA /* CalendarVC.swift */ = {isa = PBXFileReference; lastKnownFileType = sourcecode.swift; path = CalendarVC.swift; sourceTree = "<group>"; };
		519C8EEE2C95C31B007DFCBA /* TabBarController.swift */ = {isa = PBXFileReference; lastKnownFileType = sourcecode.swift; path = TabBarController.swift; sourceTree = "<group>"; };
		519C8EF12C95C38B007DFCBA /* ProfileVC.swift */ = {isa = PBXFileReference; lastKnownFileType = sourcecode.swift; path = ProfileVC.swift; sourceTree = "<group>"; };
		519C8EF62C95C6D6007DFCBA /* AllTeacherViewModel.swift */ = {isa = PBXFileReference; lastKnownFileType = sourcecode.swift; path = AllTeacherViewModel.swift; sourceTree = "<group>"; };
		519C8EF82C95C701007DFCBA /* TeacherCell.swift */ = {isa = PBXFileReference; lastKnownFileType = sourcecode.swift; path = TeacherCell.swift; sourceTree = "<group>"; };
		519C8EFA2C95CC9A007DFCBA /* Teacher.swift */ = {isa = PBXFileReference; lastKnownFileType = sourcecode.swift; path = Teacher.swift; sourceTree = "<group>"; };
		519C8EFC2C95CD45007DFCBA /* TeacherDetailVC.swift */ = {isa = PBXFileReference; lastKnownFileType = sourcecode.swift; path = TeacherDetailVC.swift; sourceTree = "<group>"; };
		519C8F002C95FD2D007DFCBA /* BookingView.swift */ = {isa = PBXFileReference; lastKnownFileType = sourcecode.swift; path = BookingView.swift; sourceTree = "<group>"; };
		519C8F022C969D3B007DFCBA /* BookingVC.swift */ = {isa = PBXFileReference; lastKnownFileType = sourcecode.swift; path = BookingVC.swift; sourceTree = "<group>"; };
		519C8F052C96E807007DFCBA /* Appointment.swift */ = {isa = PBXFileReference; lastKnownFileType = sourcecode.swift; path = Appointment.swift; sourceTree = "<group>"; };
		519C8F082C97FE18007DFCBA /* ConfirmVC.swift */ = {isa = PBXFileReference; lastKnownFileType = sourcecode.swift; path = ConfirmVC.swift; sourceTree = "<group>"; };
		519C8F0A2C980570007DFCBA /* ConfirmCell.swift */ = {isa = PBXFileReference; lastKnownFileType = sourcecode.swift; path = ConfirmCell.swift; sourceTree = "<group>"; };
		519C8F112C98859D007DFCBA /* FullScreenImageVC.swift */ = {isa = PBXFileReference; lastKnownFileType = sourcecode.swift; path = FullScreenImageVC.swift; sourceTree = "<group>"; };
		519C8F132C996295007DFCBA /* ChatListVC.swift */ = {isa = PBXFileReference; lastKnownFileType = sourcecode.swift; path = ChatListVC.swift; sourceTree = "<group>"; };
		519C8F152C9964FE007DFCBA /* ChatRoom.swift */ = {isa = PBXFileReference; lastKnownFileType = sourcecode.swift; path = ChatRoom.swift; sourceTree = "<group>"; };
		519C8F172C997FC3007DFCBA /* ConfirmViewModel.swift */ = {isa = PBXFileReference; lastKnownFileType = sourcecode.swift; path = ConfirmViewModel.swift; sourceTree = "<group>"; };
		519C8F192C998401007DFCBA /* Date+Ext.swift */ = {isa = PBXFileReference; lastKnownFileType = sourcecode.swift; path = "Date+Ext.swift"; sourceTree = "<group>"; };
		519E14952CA16CF100E344CE /* Student.swift */ = {isa = PBXFileReference; lastKnownFileType = sourcecode.swift; path = Student.swift; sourceTree = "<group>"; };
		519E14972CA1884200E344CE /* AllStudentVC.swift */ = {isa = PBXFileReference; lastKnownFileType = sourcecode.swift; path = AllStudentVC.swift; sourceTree = "<group>"; };
		51B619DC2CA06C1A00EAC4B8 /* BaseCollectionVC.swift */ = {isa = PBXFileReference; lastKnownFileType = sourcecode.swift; path = BaseCollectionVC.swift; sourceTree = "<group>"; };
		51B619DE2CA06C6D00EAC4B8 /* AllTeacherVC.swift */ = {isa = PBXFileReference; lastKnownFileType = sourcecode.swift; path = AllTeacherVC.swift; sourceTree = "<group>"; };
		51B619E02CA06CC700EAC4B8 /* StudentHomeVC.swift */ = {isa = PBXFileReference; lastKnownFileType = sourcecode.swift; path = StudentHomeVC.swift; sourceTree = "<group>"; };
		51B619E22CA0F68400EAC4B8 /* FrequentlyUsedViewModel.swift */ = {isa = PBXFileReference; lastKnownFileType = sourcecode.swift; path = FrequentlyUsedViewModel.swift; sourceTree = "<group>"; };
		51B619E42CA0FA3400EAC4B8 /* UIViewController+Ext.swift */ = {isa = PBXFileReference; lastKnownFileType = sourcecode.swift; path = "UIViewController+Ext.swift"; sourceTree = "<group>"; };
		51D25C7B2C9A81D80083EECF /* ResumeVC.swift */ = {isa = PBXFileReference; lastKnownFileType = sourcecode.swift; path = ResumeVC.swift; sourceTree = "<group>"; };
		51D25C7E2C9AC1A00083EECF /* TodayCoursesVC.swift */ = {isa = PBXFileReference; lastKnownFileType = sourcecode.swift; path = TodayCoursesVC.swift; sourceTree = "<group>"; };
		51D25C802C9AC1E10083EECF /* TodayCoursesCell.swift */ = {isa = PBXFileReference; lastKnownFileType = sourcecode.swift; path = TodayCoursesCell.swift; sourceTree = "<group>"; };
		51D25C822C9AC2170083EECF /* ProgressBarView.swift */ = {isa = PBXFileReference; lastKnownFileType = sourcecode.swift; path = ProgressBarView.swift; sourceTree = "<group>"; };
		51D25C842C9AC5F10083EECF /* TodayCoursesViewModel.swift */ = {isa = PBXFileReference; lastKnownFileType = sourcecode.swift; path = TodayCoursesViewModel.swift; sourceTree = "<group>"; };
		51D25C862C9ACA560083EECF /* AppointmentFirebaseService.swift */ = {isa = PBXFileReference; lastKnownFileType = sourcecode.swift; path = AppointmentFirebaseService.swift; sourceTree = "<group>"; };
		51D25C892C9B32570083EECF /* BaseCalendarView.swift */ = {isa = PBXFileReference; lastKnownFileType = sourcecode.swift; path = BaseCalendarView.swift; sourceTree = "<group>"; };
		51D25C8D2C9BC3030083EECF /* ColorPickerCalendarView.swift */ = {isa = PBXFileReference; lastKnownFileType = sourcecode.swift; path = ColorPickerCalendarView.swift; sourceTree = "<group>"; };
		51D25C932C9D4C2D0083EECF /* TimeService.swift */ = {isa = PBXFileReference; lastKnownFileType = sourcecode.swift; path = TimeService.swift; sourceTree = "<group>"; };
		51D25C972C9E40790083EECF /* BaseCalendarViewModel.swift */ = {isa = PBXFileReference; lastKnownFileType = sourcecode.swift; path = BaseCalendarViewModel.swift; sourceTree = "<group>"; };
		51D25C992C9E4F370083EECF /* DetailView.swift */ = {isa = PBXFileReference; lastKnownFileType = sourcecode.swift; path = DetailView.swift; sourceTree = "<group>"; };
		51D25C9D2C9E60C00083EECF /* FollowViewModel.swift */ = {isa = PBXFileReference; lastKnownFileType = sourcecode.swift; path = FollowViewModel.swift; sourceTree = "<group>"; };
		51D25C9F2C9E90B30083EECF /* FollowVC.swift */ = {isa = PBXFileReference; lastKnownFileType = sourcecode.swift; path = FollowVC.swift; sourceTree = "<group>"; };
		51D25CA72C9F27310083EECF /* WidgetKit.framework */ = {isa = PBXFileReference; lastKnownFileType = wrapper.framework; name = WidgetKit.framework; path = System/Library/Frameworks/WidgetKit.framework; sourceTree = SDKROOT; };
		51D25CA92C9F27310083EECF /* SwiftUI.framework */ = {isa = PBXFileReference; lastKnownFileType = wrapper.framework; name = SwiftUI.framework; path = System/Library/Frameworks/SwiftUI.framework; sourceTree = SDKROOT; };
		51D25CAC2C9F27310083EECF /* TodayCoursesWidgetBundle.swift */ = {isa = PBXFileReference; lastKnownFileType = sourcecode.swift; path = TodayCoursesWidgetBundle.swift; sourceTree = "<group>"; };
		51D25CAE2C9F27310083EECF /* TodayCoursesWidget.swift */ = {isa = PBXFileReference; lastKnownFileType = sourcecode.swift; path = TodayCoursesWidget.swift; sourceTree = "<group>"; };
		51D25CB02C9F27310083EECF /* AppIntent.swift */ = {isa = PBXFileReference; lastKnownFileType = sourcecode.swift; path = AppIntent.swift; sourceTree = "<group>"; };
		51D25CB22C9F27320083EECF /* Assets.xcassets */ = {isa = PBXFileReference; lastKnownFileType = folder.assetcatalog; path = Assets.xcassets; sourceTree = "<group>"; };
		51D25CB42C9F27320083EECF /* Info.plist */ = {isa = PBXFileReference; lastKnownFileType = text.plist.xml; path = Info.plist; sourceTree = "<group>"; };
		51D25CBC2C9F284D0083EECF /* CourseWidgetView.swift */ = {isa = PBXFileReference; lastKnownFileType = sourcecode.swift; path = CourseWidgetView.swift; sourceTree = "<group>"; };
		51D25CC02C9F33BA0083EECF /* Calendar+Ext.swift */ = {isa = PBXFileReference; lastKnownFileType = sourcecode.swift; path = "Calendar+Ext.swift"; sourceTree = "<group>"; };
		51D25CC22C9F3BA10083EECF /* NavigationController.swift */ = {isa = PBXFileReference; lastKnownFileType = sourcecode.swift; path = NavigationController.swift; sourceTree = "<group>"; };
		51D25CC82CA060100083EECF /* FrequentlyUsedVC.swift */ = {isa = PBXFileReference; lastKnownFileType = sourcecode.swift; path = FrequentlyUsedVC.swift; sourceTree = "<group>"; };
		51ED0AD32C916721006322B7 /* EdUnion.app */ = {isa = PBXFileReference; explicitFileType = wrapper.application; includeInIndex = 0; path = EdUnion.app; sourceTree = BUILT_PRODUCTS_DIR; };
		51ED0AD62C916721006322B7 /* AppDelegate.swift */ = {isa = PBXFileReference; lastKnownFileType = sourcecode.swift; path = AppDelegate.swift; sourceTree = "<group>"; };
		51ED0AD82C916721006322B7 /* SceneDelegate.swift */ = {isa = PBXFileReference; lastKnownFileType = sourcecode.swift; path = SceneDelegate.swift; sourceTree = "<group>"; };
		51ED0ADA2C916721006322B7 /* ViewController.swift */ = {isa = PBXFileReference; lastKnownFileType = sourcecode.swift; path = ViewController.swift; sourceTree = "<group>"; };
		51ED0ADD2C916721006322B7 /* Base */ = {isa = PBXFileReference; lastKnownFileType = file.storyboard; name = Base; path = Base.lproj/Main.storyboard; sourceTree = "<group>"; };
		51ED0ADF2C916722006322B7 /* Assets.xcassets */ = {isa = PBXFileReference; lastKnownFileType = folder.assetcatalog; path = Assets.xcassets; sourceTree = "<group>"; };
		51ED0AE22C916722006322B7 /* Base */ = {isa = PBXFileReference; lastKnownFileType = file.storyboard; name = Base; path = Base.lproj/LaunchScreen.storyboard; sourceTree = "<group>"; };
		51ED0AE42C916722006322B7 /* Info.plist */ = {isa = PBXFileReference; lastKnownFileType = text.plist.xml; path = Info.plist; sourceTree = "<group>"; };
		51ED0AE92C916722006322B7 /* EdUnionTests.xctest */ = {isa = PBXFileReference; explicitFileType = wrapper.cfbundle; includeInIndex = 0; path = EdUnionTests.xctest; sourceTree = BUILT_PRODUCTS_DIR; };
		51ED0AED2C916722006322B7 /* EdUnionTests.swift */ = {isa = PBXFileReference; lastKnownFileType = sourcecode.swift; path = EdUnionTests.swift; sourceTree = "<group>"; };
		51ED0AF32C916722006322B7 /* EdUnionUITests.xctest */ = {isa = PBXFileReference; explicitFileType = wrapper.cfbundle; includeInIndex = 0; path = EdUnionUITests.xctest; sourceTree = BUILT_PRODUCTS_DIR; };
		51ED0AF72C916722006322B7 /* EdUnionUITests.swift */ = {isa = PBXFileReference; lastKnownFileType = sourcecode.swift; path = EdUnionUITests.swift; sourceTree = "<group>"; };
		51ED0AF92C916722006322B7 /* EdUnionUITestsLaunchTests.swift */ = {isa = PBXFileReference; lastKnownFileType = sourcecode.swift; path = EdUnionUITestsLaunchTests.swift; sourceTree = "<group>"; };
		51ED0B062C917A0F006322B7 /* Message.swift */ = {isa = PBXFileReference; lastKnownFileType = sourcecode.swift; path = Message.swift; sourceTree = "<group>"; };
		51ED0B082C917A8F006322B7 /* ChatViewModel.swift */ = {isa = PBXFileReference; lastKnownFileType = sourcecode.swift; path = ChatViewModel.swift; sourceTree = "<group>"; };
		51ED0B0A2C917BE3006322B7 /* ChatVC.swift */ = {isa = PBXFileReference; lastKnownFileType = sourcecode.swift; path = ChatVC.swift; sourceTree = "<group>"; };
		51ED0B132C91803A006322B7 /* ChatTableViewCell.swift */ = {isa = PBXFileReference; lastKnownFileType = sourcecode.swift; path = ChatTableViewCell.swift; sourceTree = "<group>"; };
		51ED0B152C918080006322B7 /* GoogleService-Info.plist */ = {isa = PBXFileReference; fileEncoding = 4; lastKnownFileType = text.plist.xml; path = "GoogleService-Info.plist"; sourceTree = "<group>"; };
/* End PBXFileReference section */

/* Begin PBXFrameworksBuildPhase section */
		51ED0AD02C916721006322B7 /* Frameworks */ = {
			isa = PBXFrameworksBuildPhase;
			buildActionMask = 2147483647;
			files = (
				517E9DDB2CACC3C5002A2513 /* SwiftUIIntrospect in Frameworks */,
				517E9DD82CACC3BA002A2513 /* Kingfisher in Frameworks */,
				517E9DD52CACC3B1002A2513 /* IQKeyboardManagerSwift in Frameworks */,
				517E9DCC2CACC3A8002A2513 /* FirebaseAnalytics in Frameworks */,
				517E9DD22CACC3A8002A2513 /* FirebaseStorage in Frameworks */,
				517E9DCE2CACC3A8002A2513 /* FirebaseAuth in Frameworks */,
				517E9DD02CACC3A8002A2513 /* FirebaseFirestore in Frameworks */,
			);
			runOnlyForDeploymentPostprocessing = 0;
		};
		51ED0AE62C916722006322B7 /* Frameworks */ = {
			isa = PBXFrameworksBuildPhase;
			buildActionMask = 2147483647;
			files = (
			);
			runOnlyForDeploymentPostprocessing = 0;
		};
		51ED0AF02C916722006322B7 /* Frameworks */ = {
			isa = PBXFrameworksBuildPhase;
			buildActionMask = 2147483647;
			files = (
			);
			runOnlyForDeploymentPostprocessing = 0;
		};
/* End PBXFrameworksBuildPhase section */

/* Begin PBXGroup section */
		513BEC082CA54ABB000E0DE9 /* Intro */ = {
			isa = PBXGroup;
			children = (
				513BEC092CA54ACC000E0DE9 /* IntroVC.swift */,
			);
			path = Intro;
			sourceTree = "<group>";
		};
		51993B092CA50AB80022C79F /* Auth */ = {
			isa = PBXGroup;
			children = (
				51993B0E2CA512E30022C79F /* AuthenticationView.swift */,
				51993B102CA52A550022C79F /* ChooseRoleVC.swift */,
			);
			path = Auth;
			sourceTree = "<group>";
		};
		519C8EC02C9399FA007DFCBA /* Shared */ = {
			isa = PBXGroup;
			children = (
				513BEC082CA54ABB000E0DE9 /* Intro */,
				51993B092CA50AB80022C79F /* Auth */,
				51D25C882C9B320E0083EECF /* Base Views */,
				519C8EF02C95C36B007DFCBA /* Profile */,
				519C8EC52C939ACF007DFCBA /* Calendar */,
				519C8EC12C939A29007DFCBA /* Chat */,
				519C8EEE2C95C31B007DFCBA /* TabBarController.swift */,
				51D25CC22C9F3BA10083EECF /* NavigationController.swift */,
			);
			path = Shared;
			sourceTree = "<group>";
		};
		519C8EC12C939A29007DFCBA /* Chat */ = {
			isa = PBXGroup;
			children = (
				519C8EC22C939A3B007DFCBA /* Model */,
				519C8EC32C939A46007DFCBA /* ViewModel */,
				519C8EC42C939A72007DFCBA /* View */,
			);
			path = Chat;
			sourceTree = "<group>";
		};
		519C8EC22C939A3B007DFCBA /* Model */ = {
			isa = PBXGroup;
			children = (
				51ED0B062C917A0F006322B7 /* Message.swift */,
				519C8F152C9964FE007DFCBA /* ChatRoom.swift */,
			);
			path = Model;
			sourceTree = "<group>";
		};
		519C8EC32C939A46007DFCBA /* ViewModel */ = {
			isa = PBXGroup;
			children = (
				51ED0B082C917A8F006322B7 /* ChatViewModel.swift */,
			);
			path = ViewModel;
			sourceTree = "<group>";
		};
		519C8EC42C939A72007DFCBA /* View */ = {
			isa = PBXGroup;
			children = (
				51ED0B0A2C917BE3006322B7 /* ChatVC.swift */,
				51ED0B132C91803A006322B7 /* ChatTableViewCell.swift */,
				519C8F112C98859D007DFCBA /* FullScreenImageVC.swift */,
				519C8F132C996295007DFCBA /* ChatListVC.swift */,
				513BEC112CA8507C000E0DE9 /* ChatListCell.swift */,
			);
			path = View;
			sourceTree = "<group>";
		};
		519C8EC52C939ACF007DFCBA /* Calendar */ = {
			isa = PBXGroup;
			children = (
				519C8F042C96E7EE007DFCBA /* Model */,
				519C8EC62C939ADE007DFCBA /* View */,
			);
			path = Calendar;
			sourceTree = "<group>";
		};
		519C8EC62C939ADE007DFCBA /* View */ = {
			isa = PBXGroup;
			children = (
				519C8EEC2C95A84C007DFCBA /* CalendarVC.swift */,
			);
			path = View;
			sourceTree = "<group>";
		};
		519C8EC92C93A09D007DFCBA /* Teacher */ = {
			isa = PBXGroup;
			children = (
				51D25C7D2C9AC1870083EECF /* Home */,
				51D25C7A2C9A81B40083EECF /* Resume */,
				519C8F102C980F85007DFCBA /* Confirm */,
				519C8F0F2C980F2B007DFCBA /* AvailableTimeSlot */,
				519E14972CA1884200E344CE /* AllStudentVC.swift */,
				513BEC0D2CA5BA0A000E0DE9 /* FilesVC.swift */,
				513BEC232CAAC7B7000E0DE9 /* FilesCell.swift */,
				513BEC182CA89059000E0DE9 /* LessonChartView.swift */,
				513BEC1F2CA90361000E0DE9 /* BarChartView.swift */,
				513BEC132CA88C5D000E0DE9 /* FileVC.swift */,
			);
			path = Teacher;
			sourceTree = "<group>";
		};
		519C8ECA2C93A0B7007DFCBA /* Views */ = {
			isa = PBXGroup;
			children = (
				519C8ECD2C93E804007DFCBA /* AvailableTimeSlotsVC.swift */,
				519C8ECB2C93A0EC007DFCBA /* AvailableTimeSlotsCell.swift */,
				519C8ECF2C93E883007DFCBA /* ColorTimePickerVC.swift */,
				51D25C8D2C9BC3030083EECF /* ColorPickerCalendarView.swift */,
			);
			path = Views;
			sourceTree = "<group>";
		};
		519C8ED32C93EE9B007DFCBA /* Utilities */ = {
			isa = PBXGroup;
			children = (
				519C8ED42C93EEAA007DFCBA /* Extensions */,
			);
			path = Utilities;
			sourceTree = "<group>";
		};
		519C8ED42C93EEAA007DFCBA /* Extensions */ = {
			isa = PBXGroup;
			children = (
				519C8ED52C940B21007DFCBA /* UIImageView+LoadImage.swift */,
				519C8F192C998401007DFCBA /* Date+Ext.swift */,
				51D25CC02C9F33BA0083EECF /* Calendar+Ext.swift */,
				519C8EDF2C954D0C007DFCBA /* UIColor+HexConvert.swift */,
				519C8EEA2C95A278007DFCBA /* Color+HexConvert.swift */,
				51B619E42CA0FA3400EAC4B8 /* UIViewController+Ext.swift */,
			);
			path = Extensions;
			sourceTree = "<group>";
		};
		519C8EE12C954D57007DFCBA /* ViewModels */ = {
			isa = PBXGroup;
			children = (
				519C8EE82C954FE0007DFCBA /* AvailableTimeSlotsViewModel.swift */,
			);
			path = ViewModels;
			sourceTree = "<group>";
		};
		519C8EE22C954D60007DFCBA /* Models */ = {
			isa = PBXGroup;
			children = (
				519C8EE32C954D82007DFCBA /* AvailableTimeSlot.swift */,
				519C8EFA2C95CC9A007DFCBA /* Teacher.swift */,
			);
			path = Models;
			sourceTree = "<group>";
		};
		519C8EE52C954E5A007DFCBA /* Services */ = {
			isa = PBXGroup;
			children = (
				519C8EE62C954E73007DFCBA /* UserFirebaseService.swift */,
				51D25C862C9ACA560083EECF /* AppointmentFirebaseService.swift */,
				51D25C932C9D4C2D0083EECF /* TimeService.swift */,
				513BEC0F2CA6820A000E0DE9 /* UserSession.swift */,
			);
			path = Services;
			sourceTree = "<group>";
		};
		519C8EF02C95C36B007DFCBA /* Profile */ = {
			isa = PBXGroup;
			children = (
				519C8EF12C95C38B007DFCBA /* ProfileVC.swift */,
			);
			path = Profile;
			sourceTree = "<group>";
		};
		519C8EF32C95C683007DFCBA /* Student */ = {
			isa = PBXGroup;
			children = (
				519C8F0C2C980E39007DFCBA /* Home */,
			);
			path = Student;
			sourceTree = "<group>";
		};
		519C8F042C96E7EE007DFCBA /* Model */ = {
			isa = PBXGroup;
			children = (
				519C8F052C96E807007DFCBA /* Appointment.swift */,
			);
			path = Model;
			sourceTree = "<group>";
		};
		519C8F0C2C980E39007DFCBA /* Home */ = {
			isa = PBXGroup;
			children = (
				519C8F0E2C980E62007DFCBA /* ViewModels */,
				519C8F0D2C980E44007DFCBA /* Views */,
			);
			path = Home;
			sourceTree = "<group>";
		};
		519C8F0D2C980E44007DFCBA /* Views */ = {
			isa = PBXGroup;
			children = (
				519C8EF82C95C701007DFCBA /* TeacherCell.swift */,
				51B619DC2CA06C1A00EAC4B8 /* BaseCollectionVC.swift */,
				51B619DE2CA06C6D00EAC4B8 /* AllTeacherVC.swift */,
				51B619E02CA06CC700EAC4B8 /* StudentHomeVC.swift */,
				51D25C9F2C9E90B30083EECF /* FollowVC.swift */,
				51D25CC82CA060100083EECF /* FrequentlyUsedVC.swift */,
				519C8EFC2C95CD45007DFCBA /* TeacherDetailVC.swift */,
				519C8F022C969D3B007DFCBA /* BookingVC.swift */,
				519C8F002C95FD2D007DFCBA /* BookingView.swift */,
			);
			path = Views;
			sourceTree = "<group>";
		};
		519C8F0E2C980E62007DFCBA /* ViewModels */ = {
			isa = PBXGroup;
			children = (
				519C8EF62C95C6D6007DFCBA /* AllTeacherViewModel.swift */,
				51D25C9D2C9E60C00083EECF /* FollowViewModel.swift */,
				51B619E22CA0F68400EAC4B8 /* FrequentlyUsedViewModel.swift */,
			);
			path = ViewModels;
			sourceTree = "<group>";
		};
		519C8F0F2C980F2B007DFCBA /* AvailableTimeSlot */ = {
			isa = PBXGroup;
			children = (
				519C8EE22C954D60007DFCBA /* Models */,
				519C8EE12C954D57007DFCBA /* ViewModels */,
				519C8ECA2C93A0B7007DFCBA /* Views */,
			);
			path = AvailableTimeSlot;
			sourceTree = "<group>";
		};
		519C8F102C980F85007DFCBA /* Confirm */ = {
			isa = PBXGroup;
			children = (
				519C8F082C97FE18007DFCBA /* ConfirmVC.swift */,
				519C8F172C997FC3007DFCBA /* ConfirmViewModel.swift */,
				519C8F0A2C980570007DFCBA /* ConfirmCell.swift */,
			);
			path = Confirm;
			sourceTree = "<group>";
		};
		51D25C7A2C9A81B40083EECF /* Resume */ = {
			isa = PBXGroup;
			children = (
				51D25C7B2C9A81D80083EECF /* ResumeVC.swift */,
			);
			path = Resume;
			sourceTree = "<group>";
		};
		51D25C7D2C9AC1870083EECF /* Home */ = {
			isa = PBXGroup;
			children = (
				51D25C7E2C9AC1A00083EECF /* TodayCoursesVC.swift */,
				51D25C842C9AC5F10083EECF /* TodayCoursesViewModel.swift */,
				51D25C802C9AC1E10083EECF /* TodayCoursesCell.swift */,
				51D25C822C9AC2170083EECF /* ProgressBarView.swift */,
			);
			path = Home;
			sourceTree = "<group>";
		};
		51D25C882C9B320E0083EECF /* Base Views */ = {
			isa = PBXGroup;
			children = (
				51D25C892C9B32570083EECF /* BaseCalendarView.swift */,
				51D25C972C9E40790083EECF /* BaseCalendarViewModel.swift */,
				51D25C992C9E4F370083EECF /* DetailView.swift */,
			);
			path = "Base Views";
			sourceTree = "<group>";
		};
		51D25CA62C9F27310083EECF /* Frameworks */ = {
			isa = PBXGroup;
			children = (
				51D25CA72C9F27310083EECF /* WidgetKit.framework */,
				51D25CA92C9F27310083EECF /* SwiftUI.framework */,
			);
			name = Frameworks;
			sourceTree = "<group>";
		};
		51D25CAB2C9F27310083EECF /* TodayCoursesWidget */ = {
			isa = PBXGroup;
			children = (
				51D25CAC2C9F27310083EECF /* TodayCoursesWidgetBundle.swift */,
				51D25CBC2C9F284D0083EECF /* CourseWidgetView.swift */,
				51D25CAE2C9F27310083EECF /* TodayCoursesWidget.swift */,
				51D25CB02C9F27310083EECF /* AppIntent.swift */,
				51D25CB22C9F27320083EECF /* Assets.xcassets */,
				51D25CB42C9F27320083EECF /* Info.plist */,
			);
			path = TodayCoursesWidget;
			sourceTree = "<group>";
		};
		51ED0ACA2C916721006322B7 = {
			isa = PBXGroup;
			children = (
				51ED0AD52C916721006322B7 /* EdUnion */,
				51ED0AEC2C916722006322B7 /* EdUnionTests */,
				51ED0AF62C916722006322B7 /* EdUnionUITests */,
				51D25CAB2C9F27310083EECF /* TodayCoursesWidget */,
				51D25CA62C9F27310083EECF /* Frameworks */,
				51ED0AD42C916721006322B7 /* Products */,
			);
			sourceTree = "<group>";
		};
		51ED0AD42C916721006322B7 /* Products */ = {
			isa = PBXGroup;
			children = (
				51ED0AD32C916721006322B7 /* EdUnion.app */,
				51ED0AE92C916722006322B7 /* EdUnionTests.xctest */,
				51ED0AF32C916722006322B7 /* EdUnionUITests.xctest */,
			);
			name = Products;
			sourceTree = "<group>";
		};
		51ED0AD52C916721006322B7 /* EdUnion */ = {
			isa = PBXGroup;
			children = (
				51993B082CA509BA0022C79F /* EdUnion.entitlements */,
				519C8EF32C95C683007DFCBA /* Student */,
				519C8EC92C93A09D007DFCBA /* Teacher */,
				519C8EC02C9399FA007DFCBA /* Shared */,
				519C8ED32C93EE9B007DFCBA /* Utilities */,
				519C8EE52C954E5A007DFCBA /* Services */,
				51ED0AD62C916721006322B7 /* AppDelegate.swift */,
				51ED0AD82C916721006322B7 /* SceneDelegate.swift */,
				51ED0ADA2C916721006322B7 /* ViewController.swift */,
				51ED0ADC2C916721006322B7 /* Main.storyboard */,
				51ED0ADF2C916722006322B7 /* Assets.xcassets */,
				51ED0AE12C916722006322B7 /* LaunchScreen.storyboard */,
				51ED0B152C918080006322B7 /* GoogleService-Info.plist */,
				51ED0AE42C916722006322B7 /* Info.plist */,
				519E14952CA16CF100E344CE /* Student.swift */,
			);
			path = EdUnion;
			sourceTree = "<group>";
		};
		51ED0AEC2C916722006322B7 /* EdUnionTests */ = {
			isa = PBXGroup;
			children = (
				51ED0AED2C916722006322B7 /* EdUnionTests.swift */,
			);
			path = EdUnionTests;
			sourceTree = "<group>";
		};
		51ED0AF62C916722006322B7 /* EdUnionUITests */ = {
			isa = PBXGroup;
			children = (
				51ED0AF72C916722006322B7 /* EdUnionUITests.swift */,
				51ED0AF92C916722006322B7 /* EdUnionUITestsLaunchTests.swift */,
			);
			path = EdUnionUITests;
			sourceTree = "<group>";
		};
/* End PBXGroup section */

/* Begin PBXNativeTarget section */
		51ED0AD22C916721006322B7 /* EdUnion */ = {
			isa = PBXNativeTarget;
			buildConfigurationList = 51ED0AFD2C916722006322B7 /* Build configuration list for PBXNativeTarget "EdUnion" */;
			buildPhases = (
				51ED0ACF2C916721006322B7 /* Sources */,
				51ED0AD02C916721006322B7 /* Frameworks */,
				51ED0AD12C916721006322B7 /* Resources */,
				519C8F072C97BDC3007DFCBA /* ShellScript */,
				51D25CBB2C9F27320083EECF /* Embed Foundation Extensions */,
			);
			buildRules = (
			);
			dependencies = (
			);
			name = EdUnion;
			packageProductDependencies = (
				517E9DCB2CACC3A8002A2513 /* FirebaseAnalytics */,
				517E9DCD2CACC3A8002A2513 /* FirebaseAuth */,
				517E9DCF2CACC3A8002A2513 /* FirebaseFirestore */,
				517E9DD12CACC3A8002A2513 /* FirebaseStorage */,
				517E9DD42CACC3B1002A2513 /* IQKeyboardManagerSwift */,
				517E9DD72CACC3BA002A2513 /* Kingfisher */,
				517E9DDA2CACC3C5002A2513 /* SwiftUIIntrospect */,
			);
			productName = EdUnion;
			productReference = 51ED0AD32C916721006322B7 /* EdUnion.app */;
			productType = "com.apple.product-type.application";
		};
		51ED0AE82C916722006322B7 /* EdUnionTests */ = {
			isa = PBXNativeTarget;
			buildConfigurationList = 51ED0B002C916722006322B7 /* Build configuration list for PBXNativeTarget "EdUnionTests" */;
			buildPhases = (
				51ED0AE52C916722006322B7 /* Sources */,
				51ED0AE62C916722006322B7 /* Frameworks */,
				51ED0AE72C916722006322B7 /* Resources */,
			);
			buildRules = (
			);
			dependencies = (
				51ED0AEB2C916722006322B7 /* PBXTargetDependency */,
			);
			name = EdUnionTests;
			productName = EdUnionTests;
			productReference = 51ED0AE92C916722006322B7 /* EdUnionTests.xctest */;
			productType = "com.apple.product-type.bundle.unit-test";
		};
		51ED0AF22C916722006322B7 /* EdUnionUITests */ = {
			isa = PBXNativeTarget;
			buildConfigurationList = 51ED0B032C916722006322B7 /* Build configuration list for PBXNativeTarget "EdUnionUITests" */;
			buildPhases = (
				51ED0AEF2C916722006322B7 /* Sources */,
				51ED0AF02C916722006322B7 /* Frameworks */,
				51ED0AF12C916722006322B7 /* Resources */,
			);
			buildRules = (
			);
			dependencies = (
				51ED0AF52C916722006322B7 /* PBXTargetDependency */,
			);
			name = EdUnionUITests;
			productName = EdUnionUITests;
			productReference = 51ED0AF32C916722006322B7 /* EdUnionUITests.xctest */;
			productType = "com.apple.product-type.bundle.ui-testing";
		};
/* End PBXNativeTarget section */

/* Begin PBXProject section */
		51ED0ACB2C916721006322B7 /* Project object */ = {
			isa = PBXProject;
			attributes = {
				BuildIndependentTargetsInParallel = 1;
				LastSwiftUpdateCheck = 1540;
				LastUpgradeCheck = 1540;
				TargetAttributes = {
					51ED0AD22C916721006322B7 = {
						CreatedOnToolsVersion = 15.4;
					};
					51ED0AE82C916722006322B7 = {
						CreatedOnToolsVersion = 15.4;
						TestTargetID = 51ED0AD22C916721006322B7;
					};
					51ED0AF22C916722006322B7 = {
						CreatedOnToolsVersion = 15.4;
						TestTargetID = 51ED0AD22C916721006322B7;
					};
				};
			};
			buildConfigurationList = 51ED0ACE2C916721006322B7 /* Build configuration list for PBXProject "EdUnion" */;
			compatibilityVersion = "Xcode 14.0";
			developmentRegion = en;
			hasScannedForEncodings = 0;
			knownRegions = (
				en,
				Base,
			);
			mainGroup = 51ED0ACA2C916721006322B7;
			packageReferences = (
				517E9DCA2CACC3A8002A2513 /* XCRemoteSwiftPackageReference "firebase-ios-sdk" */,
				517E9DD32CACC3B1002A2513 /* XCRemoteSwiftPackageReference "IQKeyboardManager" */,
				517E9DD62CACC3BA002A2513 /* XCRemoteSwiftPackageReference "Kingfisher" */,
				517E9DD92CACC3C5002A2513 /* XCRemoteSwiftPackageReference "SwiftUI-Introspect" */,
			);
			productRefGroup = 51ED0AD42C916721006322B7 /* Products */;
			projectDirPath = "";
			projectRoot = "";
			targets = (
				51ED0AD22C916721006322B7 /* EdUnion */,
				51ED0AE82C916722006322B7 /* EdUnionTests */,
				51ED0AF22C916722006322B7 /* EdUnionUITests */,
			);
		};
/* End PBXProject section */

/* Begin PBXResourcesBuildPhase section */
		51ED0AD12C916721006322B7 /* Resources */ = {
			isa = PBXResourcesBuildPhase;
			buildActionMask = 2147483647;
			files = (
				51ED0AE02C916722006322B7 /* Assets.xcassets in Resources */,
				51ED0B162C918080006322B7 /* GoogleService-Info.plist in Resources */,
				51ED0AE32C916722006322B7 /* Base in Resources */,
				51ED0ADE2C916721006322B7 /* Base in Resources */,
			);
			runOnlyForDeploymentPostprocessing = 0;
		};
		51ED0AE72C916722006322B7 /* Resources */ = {
			isa = PBXResourcesBuildPhase;
			buildActionMask = 2147483647;
			files = (
			);
			runOnlyForDeploymentPostprocessing = 0;
		};
		51ED0AF12C916722006322B7 /* Resources */ = {
			isa = PBXResourcesBuildPhase;
			buildActionMask = 2147483647;
			files = (
			);
			runOnlyForDeploymentPostprocessing = 0;
		};
/* End PBXResourcesBuildPhase section */

/* Begin PBXShellScriptBuildPhase section */
		519C8F072C97BDC3007DFCBA /* ShellScript */ = {
			isa = PBXShellScriptBuildPhase;
			alwaysOutOfDate = 1;
			buildActionMask = 2147483647;
			files = (
			);
			inputFileListPaths = (
			);
			inputPaths = (
			);
			outputFileListPaths = (
			);
			outputPaths = (
			);
			runOnlyForDeploymentPostprocessing = 0;
			shellPath = /bin/sh;
			shellScript = "if [[ \"$(uname -m)\" == arm64 ]]; then\n    export PATH=\"/opt/homebrew/bin:$PATH\"\nfi\n\nif which swiftlint > /dev/null; then\n  swiftlint\nelse\n  echo \"warning: SwiftLint not installed, download from https://github.com/realm/SwiftLint\"\nfi\n";
		};
/* End PBXShellScriptBuildPhase section */

/* Begin PBXSourcesBuildPhase section */
		51ED0ACF2C916721006322B7 /* Sources */ = {
			isa = PBXSourcesBuildPhase;
			buildActionMask = 2147483647;
			files = (
				513BEC142CA88C5D000E0DE9 /* FileVC.swift in Sources */,
				519C8F142C996295007DFCBA /* ChatListVC.swift in Sources */,
				51D25CC92CA060100083EECF /* FrequentlyUsedVC.swift in Sources */,
				519C8F032C969D3B007DFCBA /* BookingVC.swift in Sources */,
				513BEC122CA8507C000E0DE9 /* ChatListCell.swift in Sources */,
				519C8EF22C95C38B007DFCBA /* ProfileVC.swift in Sources */,
				51D25CBD2C9F284D0083EECF /* CourseWidgetView.swift in Sources */,
				513BEC0A2CA54ACC000E0DE9 /* IntroVC.swift in Sources */,
				51993B112CA52A550022C79F /* ChooseRoleVC.swift in Sources */,
				519C8F0B2C980570007DFCBA /* ConfirmCell.swift in Sources */,
				51ED0B0B2C917BE3006322B7 /* ChatVC.swift in Sources */,
				519C8EE72C954E73007DFCBA /* UserFirebaseService.swift in Sources */,
				513BEC192CA8905A000E0DE9 /* LessonChartView.swift in Sources */,
				51D25CC12C9F33BA0083EECF /* Calendar+Ext.swift in Sources */,
				519C8ECC2C93A0EC007DFCBA /* AvailableTimeSlotsCell.swift in Sources */,
				51D25C852C9AC5F10083EECF /* TodayCoursesViewModel.swift in Sources */,
				519C8ED02C93E883007DFCBA /* ColorTimePickerVC.swift in Sources */,
				51ED0ADB2C916721006322B7 /* ViewController.swift in Sources */,
				51993B0F2CA512E30022C79F /* AuthenticationView.swift in Sources */,
				519C8EE42C954D82007DFCBA /* AvailableTimeSlot.swift in Sources */,
				519C8EF92C95C701007DFCBA /* TeacherCell.swift in Sources */,
				51D25C7F2C9AC1A00083EECF /* TodayCoursesVC.swift in Sources */,
				51D25C7C2C9A81D80083EECF /* ResumeVC.swift in Sources */,
				519C8ED62C940B21007DFCBA /* UIImageView+LoadImage.swift in Sources */,
				51D25C872C9ACA560083EECF /* AppointmentFirebaseService.swift in Sources */,
				51D25C942C9D4C2D0083EECF /* TimeService.swift in Sources */,
				519C8EE92C954FE0007DFCBA /* AvailableTimeSlotsViewModel.swift in Sources */,
				51ED0B072C917A0F006322B7 /* Message.swift in Sources */,
				519C8EFB2C95CC9A007DFCBA /* Teacher.swift in Sources */,
				519C8F092C97FE18007DFCBA /* ConfirmVC.swift in Sources */,
				51D25C8A2C9B32570083EECF /* BaseCalendarView.swift in Sources */,
				51D25CC32C9F3BA10083EECF /* NavigationController.swift in Sources */,
				519C8EEF2C95C31B007DFCBA /* TabBarController.swift in Sources */,
				519C8ECE2C93E804007DFCBA /* AvailableTimeSlotsVC.swift in Sources */,
				519C8F1A2C998401007DFCBA /* Date+Ext.swift in Sources */,
				51D25CA02C9E90B30083EECF /* FollowVC.swift in Sources */,
				51ED0AD72C916721006322B7 /* AppDelegate.swift in Sources */,
				51ED0B142C91803A006322B7 /* ChatTableViewCell.swift in Sources */,
				51D25C9A2C9E4F380083EECF /* DetailView.swift in Sources */,
				513BEC0E2CA5BA0A000E0DE9 /* FilesVC.swift in Sources */,
				519C8F162C9964FE007DFCBA /* ChatRoom.swift in Sources */,
				51B619DD2CA06C1A00EAC4B8 /* BaseCollectionVC.swift in Sources */,
				51ED0B092C917A8F006322B7 /* ChatViewModel.swift in Sources */,
				519C8EED2C95A84C007DFCBA /* CalendarVC.swift in Sources */,
				51B619E52CA0FA3400EAC4B8 /* UIViewController+Ext.swift in Sources */,
				51D25C982C9E40790083EECF /* BaseCalendarViewModel.swift in Sources */,
				519C8F122C98859D007DFCBA /* FullScreenImageVC.swift in Sources */,
				51D25C812C9AC1E10083EECF /* TodayCoursesCell.swift in Sources */,
				519C8F182C997FC3007DFCBA /* ConfirmViewModel.swift in Sources */,
				519C8EEB2C95A278007DFCBA /* Color+HexConvert.swift in Sources */,
				51B619E12CA06CC700EAC4B8 /* StudentHomeVC.swift in Sources */,
				51B619E32CA0F68400EAC4B8 /* FrequentlyUsedViewModel.swift in Sources */,
				51D25C8E2C9BC3030083EECF /* ColorPickerCalendarView.swift in Sources */,
				519C8F062C96E807007DFCBA /* Appointment.swift in Sources */,
				513BEC102CA6820A000E0DE9 /* UserSession.swift in Sources */,
				513BEC242CAAC7B7000E0DE9 /* FilesCell.swift in Sources */,
				519E14962CA16CF100E344CE /* Student.swift in Sources */,
				51B619DF2CA06C6D00EAC4B8 /* AllTeacherVC.swift in Sources */,
				519C8F012C95FD2D007DFCBA /* BookingView.swift in Sources */,
				519C8EFD2C95CD45007DFCBA /* TeacherDetailVC.swift in Sources */,
				519C8EE02C954D0C007DFCBA /* UIColor+HexConvert.swift in Sources */,
				51D25C9E2C9E60C00083EECF /* FollowViewModel.swift in Sources */,
				519E14982CA1884200E344CE /* AllStudentVC.swift in Sources */,
				51ED0AD92C916721006322B7 /* SceneDelegate.swift in Sources */,
				51D25C832C9AC2170083EECF /* ProgressBarView.swift in Sources */,
				519C8EF72C95C6D6007DFCBA /* AllTeacherViewModel.swift in Sources */,
				513BEC202CA90361000E0DE9 /* BarChartView.swift in Sources */,
			);
			runOnlyForDeploymentPostprocessing = 0;
		};
		51ED0AE52C916722006322B7 /* Sources */ = {
			isa = PBXSourcesBuildPhase;
			buildActionMask = 2147483647;
			files = (
				51ED0AEE2C916722006322B7 /* EdUnionTests.swift in Sources */,
			);
			runOnlyForDeploymentPostprocessing = 0;
		};
		51ED0AEF2C916722006322B7 /* Sources */ = {
			isa = PBXSourcesBuildPhase;
			buildActionMask = 2147483647;
			files = (
				51ED0AF82C916722006322B7 /* EdUnionUITests.swift in Sources */,
				51ED0AFA2C916722006322B7 /* EdUnionUITestsLaunchTests.swift in Sources */,
			);
			runOnlyForDeploymentPostprocessing = 0;
		};
/* End PBXSourcesBuildPhase section */

/* Begin PBXTargetDependency section */
		51ED0AEB2C916722006322B7 /* PBXTargetDependency */ = {
			isa = PBXTargetDependency;
			target = 51ED0AD22C916721006322B7 /* EdUnion */;
			targetProxy = 51ED0AEA2C916722006322B7 /* PBXContainerItemProxy */;
		};
		51ED0AF52C916722006322B7 /* PBXTargetDependency */ = {
			isa = PBXTargetDependency;
			target = 51ED0AD22C916721006322B7 /* EdUnion */;
			targetProxy = 51ED0AF42C916722006322B7 /* PBXContainerItemProxy */;
		};
/* End PBXTargetDependency section */

/* Begin PBXVariantGroup section */
		51ED0ADC2C916721006322B7 /* Main.storyboard */ = {
			isa = PBXVariantGroup;
			children = (
				51ED0ADD2C916721006322B7 /* Base */,
			);
			name = Main.storyboard;
			sourceTree = "<group>";
		};
		51ED0AE12C916722006322B7 /* LaunchScreen.storyboard */ = {
			isa = PBXVariantGroup;
			children = (
				51ED0AE22C916722006322B7 /* Base */,
			);
			name = LaunchScreen.storyboard;
			sourceTree = "<group>";
		};
/* End PBXVariantGroup section */

/* Begin XCBuildConfiguration section */
		51ED0AFB2C916722006322B7 /* Debug */ = {
			isa = XCBuildConfiguration;
			buildSettings = {
				ALWAYS_SEARCH_USER_PATHS = NO;
				ASSETCATALOG_COMPILER_GENERATE_SWIFT_ASSET_SYMBOL_EXTENSIONS = YES;
				CLANG_ANALYZER_NONNULL = YES;
				CLANG_ANALYZER_NUMBER_OBJECT_CONVERSION = YES_AGGRESSIVE;
				CLANG_CXX_LANGUAGE_STANDARD = "gnu++20";
				CLANG_ENABLE_MODULES = YES;
				CLANG_ENABLE_OBJC_ARC = YES;
				CLANG_ENABLE_OBJC_WEAK = YES;
				CLANG_WARN_BLOCK_CAPTURE_AUTORELEASING = YES;
				CLANG_WARN_BOOL_CONVERSION = YES;
				CLANG_WARN_COMMA = YES;
				CLANG_WARN_CONSTANT_CONVERSION = YES;
				CLANG_WARN_DEPRECATED_OBJC_IMPLEMENTATIONS = YES;
				CLANG_WARN_DIRECT_OBJC_ISA_USAGE = YES_ERROR;
				CLANG_WARN_DOCUMENTATION_COMMENTS = YES;
				CLANG_WARN_EMPTY_BODY = YES;
				CLANG_WARN_ENUM_CONVERSION = YES;
				CLANG_WARN_INFINITE_RECURSION = YES;
				CLANG_WARN_INT_CONVERSION = YES;
				CLANG_WARN_NON_LITERAL_NULL_CONVERSION = YES;
				CLANG_WARN_OBJC_IMPLICIT_RETAIN_SELF = YES;
				CLANG_WARN_OBJC_LITERAL_CONVERSION = YES;
				CLANG_WARN_OBJC_ROOT_CLASS = YES_ERROR;
				CLANG_WARN_QUOTED_INCLUDE_IN_FRAMEWORK_HEADER = YES;
				CLANG_WARN_RANGE_LOOP_ANALYSIS = YES;
				CLANG_WARN_STRICT_PROTOTYPES = YES;
				CLANG_WARN_SUSPICIOUS_MOVE = YES;
				CLANG_WARN_UNGUARDED_AVAILABILITY = YES_AGGRESSIVE;
				CLANG_WARN_UNREACHABLE_CODE = YES;
				CLANG_WARN__DUPLICATE_METHOD_MATCH = YES;
				COPY_PHASE_STRIP = NO;
				DEBUG_INFORMATION_FORMAT = dwarf;
				ENABLE_STRICT_OBJC_MSGSEND = YES;
				ENABLE_TESTABILITY = YES;
				ENABLE_USER_SCRIPT_SANDBOXING = YES;
				GCC_C_LANGUAGE_STANDARD = gnu17;
				GCC_DYNAMIC_NO_PIC = NO;
				GCC_NO_COMMON_BLOCKS = YES;
				GCC_OPTIMIZATION_LEVEL = 0;
				GCC_PREPROCESSOR_DEFINITIONS = (
					"DEBUG=1",
					"$(inherited)",
				);
				GCC_WARN_64_TO_32_BIT_CONVERSION = YES;
				GCC_WARN_ABOUT_RETURN_TYPE = YES_ERROR;
				GCC_WARN_UNDECLARED_SELECTOR = YES;
				GCC_WARN_UNINITIALIZED_AUTOS = YES_AGGRESSIVE;
				GCC_WARN_UNUSED_FUNCTION = YES;
				GCC_WARN_UNUSED_VARIABLE = YES;
				IPHONEOS_DEPLOYMENT_TARGET = 17.5;
				LOCALIZATION_PREFERS_STRING_CATALOGS = YES;
				MTL_ENABLE_DEBUG_INFO = INCLUDE_SOURCE;
				MTL_FAST_MATH = YES;
				ONLY_ACTIVE_ARCH = YES;
				SDKROOT = iphoneos;
				SWIFT_ACTIVE_COMPILATION_CONDITIONS = "DEBUG $(inherited)";
				SWIFT_OPTIMIZATION_LEVEL = "-Onone";
			};
			name = Debug;
		};
		51ED0AFC2C916722006322B7 /* Release */ = {
			isa = XCBuildConfiguration;
			buildSettings = {
				ALWAYS_SEARCH_USER_PATHS = NO;
				ASSETCATALOG_COMPILER_GENERATE_SWIFT_ASSET_SYMBOL_EXTENSIONS = YES;
				CLANG_ANALYZER_NONNULL = YES;
				CLANG_ANALYZER_NUMBER_OBJECT_CONVERSION = YES_AGGRESSIVE;
				CLANG_CXX_LANGUAGE_STANDARD = "gnu++20";
				CLANG_ENABLE_MODULES = YES;
				CLANG_ENABLE_OBJC_ARC = YES;
				CLANG_ENABLE_OBJC_WEAK = YES;
				CLANG_WARN_BLOCK_CAPTURE_AUTORELEASING = YES;
				CLANG_WARN_BOOL_CONVERSION = YES;
				CLANG_WARN_COMMA = YES;
				CLANG_WARN_CONSTANT_CONVERSION = YES;
				CLANG_WARN_DEPRECATED_OBJC_IMPLEMENTATIONS = YES;
				CLANG_WARN_DIRECT_OBJC_ISA_USAGE = YES_ERROR;
				CLANG_WARN_DOCUMENTATION_COMMENTS = YES;
				CLANG_WARN_EMPTY_BODY = YES;
				CLANG_WARN_ENUM_CONVERSION = YES;
				CLANG_WARN_INFINITE_RECURSION = YES;
				CLANG_WARN_INT_CONVERSION = YES;
				CLANG_WARN_NON_LITERAL_NULL_CONVERSION = YES;
				CLANG_WARN_OBJC_IMPLICIT_RETAIN_SELF = YES;
				CLANG_WARN_OBJC_LITERAL_CONVERSION = YES;
				CLANG_WARN_OBJC_ROOT_CLASS = YES_ERROR;
				CLANG_WARN_QUOTED_INCLUDE_IN_FRAMEWORK_HEADER = YES;
				CLANG_WARN_RANGE_LOOP_ANALYSIS = YES;
				CLANG_WARN_STRICT_PROTOTYPES = YES;
				CLANG_WARN_SUSPICIOUS_MOVE = YES;
				CLANG_WARN_UNGUARDED_AVAILABILITY = YES_AGGRESSIVE;
				CLANG_WARN_UNREACHABLE_CODE = YES;
				CLANG_WARN__DUPLICATE_METHOD_MATCH = YES;
				COPY_PHASE_STRIP = NO;
				DEBUG_INFORMATION_FORMAT = "dwarf-with-dsym";
				ENABLE_NS_ASSERTIONS = NO;
				ENABLE_STRICT_OBJC_MSGSEND = YES;
				ENABLE_USER_SCRIPT_SANDBOXING = YES;
				GCC_C_LANGUAGE_STANDARD = gnu17;
				GCC_NO_COMMON_BLOCKS = YES;
				GCC_WARN_64_TO_32_BIT_CONVERSION = YES;
				GCC_WARN_ABOUT_RETURN_TYPE = YES_ERROR;
				GCC_WARN_UNDECLARED_SELECTOR = YES;
				GCC_WARN_UNINITIALIZED_AUTOS = YES_AGGRESSIVE;
				GCC_WARN_UNUSED_FUNCTION = YES;
				GCC_WARN_UNUSED_VARIABLE = YES;
				IPHONEOS_DEPLOYMENT_TARGET = 17.5;
				LOCALIZATION_PREFERS_STRING_CATALOGS = YES;
				MTL_ENABLE_DEBUG_INFO = NO;
				MTL_FAST_MATH = YES;
				SDKROOT = iphoneos;
				SWIFT_COMPILATION_MODE = wholemodule;
				VALIDATE_PRODUCT = YES;
			};
			name = Release;
		};
		51ED0AFE2C916722006322B7 /* Debug */ = {
			isa = XCBuildConfiguration;
			buildSettings = {
				ALWAYS_EMBED_SWIFT_STANDARD_LIBRARIES = YES;
				ASSETCATALOG_COMPILER_APPICON_NAME = AppIcon;
				ASSETCATALOG_COMPILER_GLOBAL_ACCENT_COLOR_NAME = AccentColor;
				CODE_SIGN_ENTITLEMENTS = EdUnion/EdUnion.entitlements;
				CODE_SIGN_STYLE = Automatic;
				CURRENT_PROJECT_VERSION = 1;
				DEVELOPMENT_TEAM = PYY5QH5MCU;
				ENABLE_USER_SCRIPT_SANDBOXING = NO;
				GENERATE_INFOPLIST_FILE = YES;
				INFOPLIST_FILE = EdUnion/Info.plist;
				INFOPLIST_KEY_UIApplicationSupportsIndirectInputEvents = YES;
				INFOPLIST_KEY_UILaunchStoryboardName = LaunchScreen;
				INFOPLIST_KEY_UIMainStoryboardFile = Main;
				INFOPLIST_KEY_UISupportedInterfaceOrientations_iPad = "UIInterfaceOrientationPortrait UIInterfaceOrientationPortraitUpsideDown UIInterfaceOrientationLandscapeLeft UIInterfaceOrientationLandscapeRight";
				INFOPLIST_KEY_UISupportedInterfaceOrientations_iPhone = "UIInterfaceOrientationPortrait UIInterfaceOrientationLandscapeLeft UIInterfaceOrientationLandscapeRight";
				IPHONEOS_DEPLOYMENT_TARGET = 17.0;
				LD_RUNPATH_SEARCH_PATHS = (
					"$(inherited)",
					"@executable_path/Frameworks",
				);
				MARKETING_VERSION = 1.0;
				PRODUCT_BUNDLE_IDENTIFIER = com.tzuan.EdUnion;
				PRODUCT_NAME = "$(TARGET_NAME)";
				SWIFT_EMIT_LOC_STRINGS = YES;
				SWIFT_VERSION = 5.0;
				TARGETED_DEVICE_FAMILY = "1,2";
			};
			name = Debug;
		};
		51ED0AFF2C916722006322B7 /* Release */ = {
			isa = XCBuildConfiguration;
			buildSettings = {
				ALWAYS_EMBED_SWIFT_STANDARD_LIBRARIES = YES;
				ASSETCATALOG_COMPILER_APPICON_NAME = AppIcon;
				ASSETCATALOG_COMPILER_GLOBAL_ACCENT_COLOR_NAME = AccentColor;
				CODE_SIGN_ENTITLEMENTS = EdUnion/EdUnion.entitlements;
				CODE_SIGN_STYLE = Automatic;
				CURRENT_PROJECT_VERSION = 1;
				DEVELOPMENT_TEAM = PYY5QH5MCU;
				ENABLE_USER_SCRIPT_SANDBOXING = NO;
				GENERATE_INFOPLIST_FILE = YES;
				INFOPLIST_FILE = EdUnion/Info.plist;
				INFOPLIST_KEY_UIApplicationSupportsIndirectInputEvents = YES;
				INFOPLIST_KEY_UILaunchStoryboardName = LaunchScreen;
				INFOPLIST_KEY_UIMainStoryboardFile = Main;
				INFOPLIST_KEY_UISupportedInterfaceOrientations_iPad = "UIInterfaceOrientationPortrait UIInterfaceOrientationPortraitUpsideDown UIInterfaceOrientationLandscapeLeft UIInterfaceOrientationLandscapeRight";
				INFOPLIST_KEY_UISupportedInterfaceOrientations_iPhone = "UIInterfaceOrientationPortrait UIInterfaceOrientationLandscapeLeft UIInterfaceOrientationLandscapeRight";
				IPHONEOS_DEPLOYMENT_TARGET = 17.0;
				LD_RUNPATH_SEARCH_PATHS = (
					"$(inherited)",
					"@executable_path/Frameworks",
				);
				MARKETING_VERSION = 1.0;
				PRODUCT_BUNDLE_IDENTIFIER = com.tzuan.EdUnion;
				PRODUCT_NAME = "$(TARGET_NAME)";
				SWIFT_EMIT_LOC_STRINGS = YES;
				SWIFT_VERSION = 5.0;
				TARGETED_DEVICE_FAMILY = "1,2";
			};
			name = Release;
		};
		51ED0B012C916722006322B7 /* Debug */ = {
			isa = XCBuildConfiguration;
			buildSettings = {
				ALWAYS_EMBED_SWIFT_STANDARD_LIBRARIES = YES;
				BUNDLE_LOADER = "$(TEST_HOST)";
				CODE_SIGN_STYLE = Automatic;
				CURRENT_PROJECT_VERSION = 1;
				DEVELOPMENT_TEAM = PYY5QH5MCU;
				GENERATE_INFOPLIST_FILE = YES;
				IPHONEOS_DEPLOYMENT_TARGET = 17.5;
				MARKETING_VERSION = 1.0;
				PRODUCT_BUNDLE_IDENTIFIER = com.tzuan.EdUnionTests;
				PRODUCT_NAME = "$(TARGET_NAME)";
				SWIFT_EMIT_LOC_STRINGS = NO;
				SWIFT_VERSION = 5.0;
				TARGETED_DEVICE_FAMILY = "1,2";
				TEST_HOST = "$(BUILT_PRODUCTS_DIR)/EdUnion.app/$(BUNDLE_EXECUTABLE_FOLDER_PATH)/EdUnion";
			};
			name = Debug;
		};
		51ED0B022C916722006322B7 /* Release */ = {
			isa = XCBuildConfiguration;
			buildSettings = {
				ALWAYS_EMBED_SWIFT_STANDARD_LIBRARIES = YES;
				BUNDLE_LOADER = "$(TEST_HOST)";
				CODE_SIGN_STYLE = Automatic;
				CURRENT_PROJECT_VERSION = 1;
				DEVELOPMENT_TEAM = PYY5QH5MCU;
				GENERATE_INFOPLIST_FILE = YES;
				IPHONEOS_DEPLOYMENT_TARGET = 17.5;
				MARKETING_VERSION = 1.0;
				PRODUCT_BUNDLE_IDENTIFIER = com.tzuan.EdUnionTests;
				PRODUCT_NAME = "$(TARGET_NAME)";
				SWIFT_EMIT_LOC_STRINGS = NO;
				SWIFT_VERSION = 5.0;
				TARGETED_DEVICE_FAMILY = "1,2";
				TEST_HOST = "$(BUILT_PRODUCTS_DIR)/EdUnion.app/$(BUNDLE_EXECUTABLE_FOLDER_PATH)/EdUnion";
			};
			name = Release;
		};
		51ED0B042C916722006322B7 /* Debug */ = {
			isa = XCBuildConfiguration;
			buildSettings = {
				ALWAYS_EMBED_SWIFT_STANDARD_LIBRARIES = YES;
				CODE_SIGN_STYLE = Automatic;
				CURRENT_PROJECT_VERSION = 1;
				DEVELOPMENT_TEAM = PYY5QH5MCU;
				GENERATE_INFOPLIST_FILE = YES;
				MARKETING_VERSION = 1.0;
				PRODUCT_BUNDLE_IDENTIFIER = com.tzuan.EdUnionUITests;
				PRODUCT_NAME = "$(TARGET_NAME)";
				SWIFT_EMIT_LOC_STRINGS = NO;
				SWIFT_VERSION = 5.0;
				TARGETED_DEVICE_FAMILY = "1,2";
				TEST_TARGET_NAME = EdUnion;
			};
			name = Debug;
		};
		51ED0B052C916722006322B7 /* Release */ = {
			isa = XCBuildConfiguration;
			buildSettings = {
				ALWAYS_EMBED_SWIFT_STANDARD_LIBRARIES = YES;
				CODE_SIGN_STYLE = Automatic;
				CURRENT_PROJECT_VERSION = 1;
				DEVELOPMENT_TEAM = PYY5QH5MCU;
				GENERATE_INFOPLIST_FILE = YES;
				MARKETING_VERSION = 1.0;
				PRODUCT_BUNDLE_IDENTIFIER = com.tzuan.EdUnionUITests;
				PRODUCT_NAME = "$(TARGET_NAME)";
				SWIFT_EMIT_LOC_STRINGS = NO;
				SWIFT_VERSION = 5.0;
				TARGETED_DEVICE_FAMILY = "1,2";
				TEST_TARGET_NAME = EdUnion;
			};
			name = Release;
		};
/* End XCBuildConfiguration section */

/* Begin XCConfigurationList section */
		51ED0ACE2C916721006322B7 /* Build configuration list for PBXProject "EdUnion" */ = {
			isa = XCConfigurationList;
			buildConfigurations = (
				51ED0AFB2C916722006322B7 /* Debug */,
				51ED0AFC2C916722006322B7 /* Release */,
			);
			defaultConfigurationIsVisible = 0;
			defaultConfigurationName = Release;
		};
		51ED0AFD2C916722006322B7 /* Build configuration list for PBXNativeTarget "EdUnion" */ = {
			isa = XCConfigurationList;
			buildConfigurations = (
				51ED0AFE2C916722006322B7 /* Debug */,
				51ED0AFF2C916722006322B7 /* Release */,
			);
			defaultConfigurationIsVisible = 0;
			defaultConfigurationName = Release;
		};
		51ED0B002C916722006322B7 /* Build configuration list for PBXNativeTarget "EdUnionTests" */ = {
			isa = XCConfigurationList;
			buildConfigurations = (
				51ED0B012C916722006322B7 /* Debug */,
				51ED0B022C916722006322B7 /* Release */,
			);
			defaultConfigurationIsVisible = 0;
			defaultConfigurationName = Release;
		};
		51ED0B032C916722006322B7 /* Build configuration list for PBXNativeTarget "EdUnionUITests" */ = {
			isa = XCConfigurationList;
			buildConfigurations = (
				51ED0B042C916722006322B7 /* Debug */,
				51ED0B052C916722006322B7 /* Release */,
			);
			defaultConfigurationIsVisible = 0;
			defaultConfigurationName = Release;
		};
/* End XCConfigurationList section */

/* Begin XCRemoteSwiftPackageReference section */
		517E9DCA2CACC3A8002A2513 /* XCRemoteSwiftPackageReference "firebase-ios-sdk" */ = {
			isa = XCRemoteSwiftPackageReference;
			repositoryURL = "https://github.com/firebase/firebase-ios-sdk.git";
			requirement = {
				kind = upToNextMajorVersion;
				minimumVersion = 11.3.0;
			};
		};
		517E9DD32CACC3B1002A2513 /* XCRemoteSwiftPackageReference "IQKeyboardManager" */ = {
			isa = XCRemoteSwiftPackageReference;
			repositoryURL = "https://github.com/hackiftekhar/IQKeyboardManager.git";
			requirement = {
				kind = upToNextMajorVersion;
				minimumVersion = 7.1.1;
			};
		};
		517E9DD62CACC3BA002A2513 /* XCRemoteSwiftPackageReference "Kingfisher" */ = {
			isa = XCRemoteSwiftPackageReference;
			repositoryURL = "https://github.com/onevcat/Kingfisher";
			requirement = {
				kind = upToNextMajorVersion;
				minimumVersion = 8.0.3;
			};
		};
		517E9DD92CACC3C5002A2513 /* XCRemoteSwiftPackageReference "SwiftUI-Introspect" */ = {
			isa = XCRemoteSwiftPackageReference;
			repositoryURL = "https://github.com/siteline/SwiftUI-Introspect";
			requirement = {
				kind = upToNextMajorVersion;
				minimumVersion = 1.3.0;
			};
		};
/* End XCRemoteSwiftPackageReference section */

/* Begin XCSwiftPackageProductDependency section */
		517E9DCB2CACC3A8002A2513 /* FirebaseAnalytics */ = {
			isa = XCSwiftPackageProductDependency;
			package = 517E9DCA2CACC3A8002A2513 /* XCRemoteSwiftPackageReference "firebase-ios-sdk" */;
			productName = FirebaseAnalytics;
		};
		517E9DCD2CACC3A8002A2513 /* FirebaseAuth */ = {
			isa = XCSwiftPackageProductDependency;
			package = 517E9DCA2CACC3A8002A2513 /* XCRemoteSwiftPackageReference "firebase-ios-sdk" */;
			productName = FirebaseAuth;
		};
		517E9DCF2CACC3A8002A2513 /* FirebaseFirestore */ = {
			isa = XCSwiftPackageProductDependency;
			package = 517E9DCA2CACC3A8002A2513 /* XCRemoteSwiftPackageReference "firebase-ios-sdk" */;
			productName = FirebaseFirestore;
		};
		517E9DD12CACC3A8002A2513 /* FirebaseStorage */ = {
			isa = XCSwiftPackageProductDependency;
			package = 517E9DCA2CACC3A8002A2513 /* XCRemoteSwiftPackageReference "firebase-ios-sdk" */;
			productName = FirebaseStorage;
		};
		517E9DD42CACC3B1002A2513 /* IQKeyboardManagerSwift */ = {
			isa = XCSwiftPackageProductDependency;
			package = 517E9DD32CACC3B1002A2513 /* XCRemoteSwiftPackageReference "IQKeyboardManager" */;
			productName = IQKeyboardManagerSwift;
		};
		517E9DD72CACC3BA002A2513 /* Kingfisher */ = {
			isa = XCSwiftPackageProductDependency;
			package = 517E9DD62CACC3BA002A2513 /* XCRemoteSwiftPackageReference "Kingfisher" */;
			productName = Kingfisher;
		};
		517E9DDA2CACC3C5002A2513 /* SwiftUIIntrospect */ = {
			isa = XCSwiftPackageProductDependency;
			package = 517E9DD92CACC3C5002A2513 /* XCRemoteSwiftPackageReference "SwiftUI-Introspect" */;
			productName = SwiftUIIntrospect;
		};
/* End XCSwiftPackageProductDependency section */
	};
	rootObject = 51ED0ACB2C916721006322B7 /* Project object */;
}
